
Microsoft Visual Studio Solution File, Format Version 12.00
# Visual Studio 15
VisualStudioVersion = 15.0.27703.2047
MinimumVisualStudioVersion = 10.0.40219.1
Project("{FAE04EC0-301F-11D3-BF4B-00C04F79EFBC}") = "WebApplicationTest", "WebApplicationTest\WebApplicationTest.csproj", "{238C331A-07A9-44BA-8F70-4A533F9C0BBC}"
EndProject
Global
	GlobalSection(SolutionConfigurationPlatforms) = preSolution
		Debug|Any CPU = Debug|Any CPU
		Release|Any CPU = Release|Any CPU
	EndGlobalSection
	GlobalSection(ProjectConfigurationPlatforms) = postSolution
		{238C331A-07A9-44BA-8F70-4A533F9C0BBC}.Debug|Any CPU.ActiveCfg = Debug|Any CPU
		{238C331A-07A9-44BA-8F70-4A533F9C0BBC}.Debug|Any CPU.Build.0 = Debug|Any CPU
		{238C331A-07A9-44BA-8F70-4A533F9C0BBC}.Release|Any CPU.ActiveCfg = Release|Any CPU
		{238C331A-07A9-44BA-8F70-4A533F9C0BBC}.Release|Any CPU.Build.0 = Release|Any CPU
	EndGlobalSection
	GlobalSection(SolutionProperties) = preSolution
		HideSolutionNode = FALSE
	EndGlobalSection
	GlobalSection(ExtensibilityGlobals) = postSolution
		SolutionGuid = {CC8FB78F-012E-407A-8687-1AB491857FCC}
	EndGlobalSection
EndGlobal
